
Microsoft Visual Studio Solution File, Format Version 12.00
# Visual Studio Version 16
VisualStudioVersion = 16.0.29519.87
MinimumVisualStudioVersion = 10.0.40219.1
Project("{FAE04EC0-301F-11D3-BF4B-00C04F79EFBC}") = "Day3Webhook", "Day3Webhook.csproj", "{86A6AF78-AA57-42AA-8743-79A4F8A311ED}"
EndProject
Global
	GlobalSection(SolutionConfigurationPlatforms) = preSolution
		Debug|Any CPU = Debug|Any CPU
		Release|Any CPU = Release|Any CPU
	EndGlobalSection
	GlobalSection(ProjectConfigurationPlatforms) = postSolution
		{86A6AF78-AA57-42AA-8743-79A4F8A311ED}.Debug|Any CPU.ActiveCfg = Debug|Any CPU
		{86A6AF78-AA57-42AA-8743-79A4F8A311ED}.Debug|Any CPU.Build.0 = Debug|Any CPU
		{86A6AF78-AA57-42AA-8743-79A4F8A311ED}.Release|Any CPU.ActiveCfg = Release|Any CPU
		{86A6AF78-AA57-42AA-8743-79A4F8A311ED}.Release|Any CPU.Build.0 = Release|Any CPU
	EndGlobalSection
	GlobalSection(SolutionProperties) = preSolution
		HideSolutionNode = FALSE
	EndGlobalSection
	GlobalSection(ExtensibilityGlobals) = postSolution
		SolutionGuid = {61D40F59-7AD3-4790-9BAE-1029F5C8FD8A}
	EndGlobalSection
EndGlobal
